
Microsoft Visual Studio Solution File, Format Version 12.00
# Visual Studio Version 16
VisualStudioVersion = 16.0.31424.327
MinimumVisualStudioVersion = 10.0.40219.1
Project("{FAE04EC0-301F-11D3-BF4B-00C04F79EFBC}") = "TamanyoTexto", "TamanyoTexto.csproj", "{B6779B4D-0F42-4ADE-83AB-1798B7276D14}"
EndProject
Global
	GlobalSection(SolutionConfigurationPlatforms) = preSolution
		Debug|Any CPU = Debug|Any CPU
		Release|Any CPU = Release|Any CPU
	EndGlobalSection
	GlobalSection(ProjectConfigurationPlatforms) = postSolution
		{B6779B4D-0F42-4ADE-83AB-1798B7276D14}.Debug|Any CPU.ActiveCfg = Debug|Any CPU
		{B6779B4D-0F42-4ADE-83AB-1798B7276D14}.Debug|Any CPU.Build.0 = Debug|Any CPU
		{B6779B4D-0F42-4ADE-83AB-1798B7276D14}.Release|Any CPU.ActiveCfg = Release|Any CPU
		{B6779B4D-0F42-4ADE-83AB-1798B7276D14}.Release|Any CPU.Build.0 = Release|Any CPU
	EndGlobalSection
	GlobalSection(SolutionProperties) = preSolution
		HideSolutionNode = FALSE
	EndGlobalSection
	GlobalSection(ExtensibilityGlobals) = postSolution
		SolutionGuid = {E11F23C0-4085-4694-9F1A-40FAC2649A23}
	EndGlobalSection
EndGlobal
